
Microsoft Visual Studio Solution File, Format Version 12.00
# Visual Studio Version 16
VisualStudioVersion = 16.0.29905.134
MinimumVisualStudioVersion = 10.0.40219.1
Project("{FAE04EC0-301F-11D3-BF4B-00C04F79EFBC}") = "ProjetoFinal", "ProjetoFinal.csproj", "{67E53035-7F58-438E-BD91-CB7F5F9F766C}"
EndProject
Global
	GlobalSection(SolutionConfigurationPlatforms) = preSolution
		Debug|Any CPU = Debug|Any CPU
		Release|Any CPU = Release|Any CPU
	EndGlobalSection
	GlobalSection(ProjectConfigurationPlatforms) = postSolution
		{67E53035-7F58-438E-BD91-CB7F5F9F766C}.Debug|Any CPU.ActiveCfg = Debug|Any CPU
		{67E53035-7F58-438E-BD91-CB7F5F9F766C}.Debug|Any CPU.Build.0 = Debug|Any CPU
		{67E53035-7F58-438E-BD91-CB7F5F9F766C}.Release|Any CPU.ActiveCfg = Release|Any CPU
		{67E53035-7F58-438E-BD91-CB7F5F9F766C}.Release|Any CPU.Build.0 = Release|Any CPU
	EndGlobalSection
	GlobalSection(SolutionProperties) = preSolution
		HideSolutionNode = FALSE
	EndGlobalSection
	GlobalSection(ExtensibilityGlobals) = postSolution
		SolutionGuid = {5C1A830B-62C9-4CCA-B321-D0462542D18B}
	EndGlobalSection
EndGlobal
