
Microsoft Visual Studio Solution File, Format Version 12.00
# Visual Studio 15
VisualStudioVersion = 15.0.28307.1082
MinimumVisualStudioVersion = 10.0.40219.1
Project("{FAE04EC0-301F-11D3-BF4B-00C04F79EFBC}") = "ProjetoChaveiro", "ProjetoChaveiro\ProjetoChaveiro.csproj", "{77C9046F-B6F4-49CC-9A23-0731F6AD7D0A}"
EndProject
Project("{FAE04EC0-301F-11D3-BF4B-00C04F79EFBC}") = "Core", "Core\Core.csproj", "{91383EF9-92F6-43BB-B7A3-FB5EF02B8BA3}"
EndProject
Global
	GlobalSection(SolutionConfigurationPlatforms) = preSolution
		Debug|Any CPU = Debug|Any CPU
		Release|Any CPU = Release|Any CPU
	EndGlobalSection
	GlobalSection(ProjectConfigurationPlatforms) = postSolution
		{77C9046F-B6F4-49CC-9A23-0731F6AD7D0A}.Debug|Any CPU.ActiveCfg = Debug|Any CPU
		{77C9046F-B6F4-49CC-9A23-0731F6AD7D0A}.Debug|Any CPU.Build.0 = Debug|Any CPU
		{77C9046F-B6F4-49CC-9A23-0731F6AD7D0A}.Release|Any CPU.ActiveCfg = Release|Any CPU
		{77C9046F-B6F4-49CC-9A23-0731F6AD7D0A}.Release|Any CPU.Build.0 = Release|Any CPU
		{91383EF9-92F6-43BB-B7A3-FB5EF02B8BA3}.Debug|Any CPU.ActiveCfg = Debug|Any CPU
		{91383EF9-92F6-43BB-B7A3-FB5EF02B8BA3}.Debug|Any CPU.Build.0 = Debug|Any CPU
		{91383EF9-92F6-43BB-B7A3-FB5EF02B8BA3}.Release|Any CPU.ActiveCfg = Release|Any CPU
		{91383EF9-92F6-43BB-B7A3-FB5EF02B8BA3}.Release|Any CPU.Build.0 = Release|Any CPU
	EndGlobalSection
	GlobalSection(SolutionProperties) = preSolution
		HideSolutionNode = FALSE
	EndGlobalSection
	GlobalSection(ExtensibilityGlobals) = postSolution
		SolutionGuid = {D6086C8F-9F0D-40C0-8684-18F7D6F5435D}
	EndGlobalSection
EndGlobal
